
Microsoft Visual Studio Solution File, Format Version 12.00
# Visual Studio Version 16
VisualStudioVersion = 16.0.31313.79
MinimumVisualStudioVersion = 10.0.40219.1
Project("{FAE04EC0-301F-11D3-BF4B-00C04F79EFBC}") = "Api1", "Api1\Api1.csproj", "{74082E6E-98C6-4303-B95C-A8060B0F7708}"
EndProject
Global
	GlobalSection(SolutionConfigurationPlatforms) = preSolution
		Debug|Any CPU = Debug|Any CPU
		Release|Any CPU = Release|Any CPU
	EndGlobalSection
	GlobalSection(ProjectConfigurationPlatforms) = postSolution
		{74082E6E-98C6-4303-B95C-A8060B0F7708}.Debug|Any CPU.ActiveCfg = Debug|Any CPU
		{74082E6E-98C6-4303-B95C-A8060B0F7708}.Debug|Any CPU.Build.0 = Debug|Any CPU
		{74082E6E-98C6-4303-B95C-A8060B0F7708}.Release|Any CPU.ActiveCfg = Release|Any CPU
		{74082E6E-98C6-4303-B95C-A8060B0F7708}.Release|Any CPU.Build.0 = Release|Any CPU
	EndGlobalSection
	GlobalSection(SolutionProperties) = preSolution
		HideSolutionNode = FALSE
	EndGlobalSection
	GlobalSection(ExtensibilityGlobals) = postSolution
		SolutionGuid = {837E5F37-17F7-4F8F-9B33-ED6D381660FB}
	EndGlobalSection
EndGlobal
